{
  "R": {
    "Version": "4.3.0",
    "Repositories": [
      {
        "Name": "CRAN",
        "URL": "https://cran.rstudio.com"
      }
    ]
  },
  "Bioconductor": {
    "Version": "3.17"
  },
  "Packages": {
    "AnnotationDbi": {
      "Package": "AnnotationDbi",
      "Version": "1.62.0",
      "Source": "Bioconductor",
      "git_url": "https://git.bioconductor.org/packages/AnnotationDbi",
      "git_branch": "RELEASE_3_17",
      "git_last_commit": "7ca03a0",
      "git_last_commit_date": "2023-04-25",
      "Hash": "c883b2a6812820c6d80a34d7b52c81a4",
      "Requirements": [
        "Biobase",
        "BiocGenerics",
        "DBI",
        "IRanges",
        "KEGGREST",
        "RSQLite",
        "S4Vectors"
      ]
    },
    "BH": {
      "Package": "BH",
      "Version": "1.81.0-1",
      "Source": "Repository",
      "Repository": "CRAN",
      "Hash": "68122010f01c4dcfbe58ce7112f2433d",
      "Requirements": []
    },
    "Biobase": {
      "Package": "Biobase",
      "Version": "2.60.0",
      "Source": "Bioconductor",
      "git_url": "https://git.bioconductor.org/packages/Biobase",
      "git_branch": "RELEASE_3_17",
      "git_last_commit": "8dc10d2",
      "git_last_commit_date": "2023-04-25",
      "Hash": "ed269b250f5844d54dfdc7e749f901aa",
      "Requirements": [
        "BiocGenerics"
      ]
    },
    "BiocGenerics": {
      "Package": "BiocGenerics",
      "Version": "0.46.0",
      "Source": "Bioconductor",
      "git_url": "https://git.bioconductor.org/packages/BiocGenerics",
      "git_branch": "RELEASE_3_17",
      "git_last_commit": "a90f0c5",
      "git_last_commit_date": "2023-04-25",
      "Hash": "c179ae59955c36f5d0068ed29ce832f7",
      "Requirements": []
    },
    "BiocManager": {
      "Package": "BiocManager",
      "Version": "1.30.20",
      "Source": "Repository",
      "Repository": "CRAN",
      "Hash": "a7fca16a50b6ef7771b49d636dd54b57",
      "Requirements": []
    },
    "BiocParallel": {
      "Package": "BiocParallel",
      "Version": "1.34.0",
      "Source": "Bioconductor",
      "git_url": "https://git.bioconductor.org/packages/BiocParallel",
      "git_branch": "RELEASE_3_17",
      "git_last_commit": "f3bbc0a",
      "git_last_commit_date": "2023-04-25",
      "Hash": "bde5843fb757ed3d2601452687b2821a",
      "Requirements": [
        "BH",
        "codetools",
        "cpp11",
        "futile.logger",
        "snow"
      ]
    },
    "BiocSingular": {
      "Package": "BiocSingular",
      "Version": "1.16.0",
      "Source": "Bioconductor",
      "git_url": "https://git.bioconductor.org/packages/BiocSingular",
      "git_branch": "RELEASE_3_17",
      "git_last_commit": "0db9a69",
      "git_last_commit_date": "2023-04-25",
      "Hash": "21d431747e4555048f65e6f9f7df8e90",
      "Requirements": [
        "BiocGenerics",
        "BiocParallel",
        "DelayedArray",
        "Matrix",
        "Rcpp",
        "S4Vectors",
        "ScaledMatrix",
        "beachmat",
        "irlba",
        "rsvd"
      ]
    },
    "Biostrings": {
      "Package": "Biostrings",
      "Version": "2.68.0",
      "Source": "Bioconductor",
      "git_url": "https://git.bioconductor.org/packages/Biostrings",
      "git_branch": "RELEASE_3_17",
      "git_last_commit": "f28b783",
      "git_last_commit_date": "2023-04-25",
      "Hash": "7699769946b577c3a2664c39eecd3abd",
      "Requirements": [
        "BiocGenerics",
        "GenomeInfoDb",
        "IRanges",
        "S4Vectors",
        "XVector",
        "crayon"
      ]
    },
    "ComplexHeatmap": {
      "Package": "ComplexHeatmap",
      "Version": "2.16.0",
      "Source": "Bioconductor",
      "git_url": "https://git.bioconductor.org/packages/ComplexHeatmap",
      "git_branch": "RELEASE_3_17",
      "git_last_commit": "01eb55c",
      "git_last_commit_date": "2023-04-25",
      "Hash": "e40659423f418fdb232649155f3cfac1",
      "Requirements": [
        "GetoptLong",
        "GlobalOptions",
        "IRanges",
        "RColorBrewer",
        "circlize",
        "clue",
        "codetools",
        "colorspace",
        "digest",
        "doParallel",
        "foreach",
        "matrixStats",
        "png"
      ]
    },
    "DBI": {
      "Package": "DBI",
      "Version": "1.1.3",
      "Source": "Repository",
      "Repository": "CRAN",
      "Hash": "b2866e62bab9378c3cc9476a1954226b",
      "Requirements": []
    },
    "DESeq2": {
      "Package": "DESeq2",
      "Version": "1.40.0",
      "Source": "Bioconductor",
      "git_url": "https://git.bioconductor.org/packages/DESeq2",
      "git_branch": "RELEASE_3_17",
      "git_last_commit": "c4962c3",
      "git_last_commit_date": "2023-04-25",
      "Hash": "27c07466aeb628f54a777097b0d12325",
      "Requirements": [
        "Biobase",
        "BiocGenerics",
        "BiocParallel",
        "GenomicRanges",
        "IRanges",
        "Rcpp",
        "RcppArmadillo",
        "S4Vectors",
        "SummarizedExperiment",
        "ggplot2",
        "locfit",
        "matrixStats"
      ]
    },
    "DelayedArray": {
      "Package": "DelayedArray",
      "Version": "0.25.0",
      "Source": "Bioconductor",
      "git_url": "https://git.bioconductor.org/packages/DelayedArray",
      "git_branch": "master",
      "git_last_commit": "9a1f91e",
      "git_last_commit_date": "2022-11-01",
      "Hash": "8c5dd5116d6f66d5a855afbb7da59719",
      "Requirements": [
        "BiocGenerics",
        "IRanges",
        "Matrix",
        "MatrixGenerics",
        "S4Vectors"
      ]
    },
    "DelayedMatrixStats": {
      "Package": "DelayedMatrixStats",
      "Version": "1.22.0",
      "Source": "Bioconductor",
      "git_url": "https://git.bioconductor.org/packages/DelayedMatrixStats",
      "git_branch": "RELEASE_3_17",
      "git_last_commit": "e820ab9",
      "git_last_commit_date": "2023-04-25",
      "Hash": "439767ea41d4a09c9c5f9c27db2c0229",
      "Requirements": [
        "DelayedArray",
        "IRanges",
        "Matrix",
        "MatrixGenerics",
        "S4Vectors",
        "matrixStats",
        "sparseMatrixStats"
      ]
    },
    "EnhancedVolcano": {
      "Package": "EnhancedVolcano",
      "Version": "1.18.0",
      "Source": "Bioconductor",
      "git_url": "https://git.bioconductor.org/packages/EnhancedVolcano",
      "git_branch": "RELEASE_3_17",
      "git_last_commit": "51b698d",
      "git_last_commit_date": "2023-04-25",
      "Hash": "06969db87790a0a17807e5a566b8e560",
      "Requirements": [
        "ggplot2",
        "ggrepel"
      ]
    },
    "GO.db": {
      "Package": "GO.db",
      "Version": "3.17.0",
      "Source": "Bioconductor",
      "Hash": "9b2c8cc59a6eb89b20deed9f4c4a9870",
      "Requirements": [
        "AnnotationDbi"
      ]
    },
    "GSEABase": {
      "Package": "GSEABase",
      "Version": "1.62.0",
      "Source": "Bioconductor",
      "git_url": "https://git.bioconductor.org/packages/GSEABase",
      "git_branch": "RELEASE_3_17",
      "git_last_commit": "fc20cbc",
      "git_last_commit_date": "2023-04-25",
      "Hash": "7ea7833e7e72729eff913aa512dae385",
      "Requirements": [
        "AnnotationDbi",
        "Biobase",
        "BiocGenerics",
        "XML",
        "annotate",
        "graph"
      ]
    },
    "GSVA": {
      "Package": "GSVA",
      "Version": "1.48.0",
      "Source": "Bioconductor",
      "git_url": "https://git.bioconductor.org/packages/GSVA",
      "git_branch": "RELEASE_3_17",
      "git_last_commit": "8819055",
      "git_last_commit_date": "2023-04-25",
      "Hash": "80a4dcc7aa9e55f54638af946eb6130b",
      "Requirements": [
        "Biobase",
        "BiocParallel",
        "BiocSingular",
        "DelayedArray",
        "DelayedMatrixStats",
        "GSEABase",
        "HDF5Array",
        "IRanges",
        "Matrix",
        "S4Vectors",
        "SingleCellExperiment",
        "SummarizedExperiment",
        "sparseMatrixStats"
      ]
    },
    "GenomeInfoDb": {
      "Package": "GenomeInfoDb",
      "Version": "1.36.0",
      "Source": "Bioconductor",
      "git_url": "https://git.bioconductor.org/packages/GenomeInfoDb",
      "git_branch": "RELEASE_3_17",
      "git_last_commit": "c380bb9",
      "git_last_commit_date": "2023-04-25",
      "Hash": "97c524e262f664c987d66ceccd48bcad",
      "Requirements": [
        "BiocGenerics",
        "GenomeInfoDbData",
        "IRanges",
        "RCurl",
        "S4Vectors"
      ]
    },
    "GenomeInfoDbData": {
      "Package": "GenomeInfoDbData",
      "Version": "1.2.10",
      "Source": "Bioconductor",
      "Hash": "56294b21068b8cb5db1c47d0a42f307b",
      "Requirements": []
    },
    "GenomicRanges": {
      "Package": "GenomicRanges",
      "Version": "1.52.0",
      "Source": "Bioconductor",
      "git_url": "https://git.bioconductor.org/packages/GenomicRanges",
      "git_branch": "RELEASE_3_17",
      "git_last_commit": "883f125",
      "git_last_commit_date": "2023-04-25",
      "Hash": "dc2970e434666341650a7983435597bf",
      "Requirements": [
        "BiocGenerics",
        "GenomeInfoDb",
        "IRanges",
        "S4Vectors",
        "XVector"
      ]
    },
    "GetoptLong": {
      "Package": "GetoptLong",
      "Version": "1.0.5",
      "Source": "Repository",
      "Repository": "CRAN",
      "Hash": "61fac01c73abf03ac72e88dc3952c1e3",
      "Requirements": [
        "GlobalOptions",
        "crayon",
        "rjson"
      ]
    },
    "GlobalOptions": {
      "Package": "GlobalOptions",
      "Version": "0.1.2",
      "Source": "Repository",
      "Repository": "CRAN",
      "Hash": "c3f7b221e60c28f5f3533d74c6fef024",
      "Requirements": []
    },
    "HDF5Array": {
      "Package": "HDF5Array",
      "Version": "1.28.0",
      "Source": "Bioconductor",
      "git_url": "https://git.bioconductor.org/packages/HDF5Array",
      "git_branch": "RELEASE_3_17",
      "git_last_commit": "8c83941",
      "git_last_commit_date": "2023-04-25",
      "Hash": "61d5991332e965bbe683cfea6f9b3404",
      "Requirements": [
        "BiocGenerics",
        "DelayedArray",
        "IRanges",
        "Matrix",
        "Rhdf5lib",
        "S4Vectors",
        "rhdf5",
        "rhdf5filters"
      ]
    },
    "IRanges": {
      "Package": "IRanges",
      "Version": "2.34.0",
      "Source": "Bioconductor",
      "git_url": "https://git.bioconductor.org/packages/IRanges",
      "git_branch": "RELEASE_3_17",
      "git_last_commit": "dcddf93",
      "git_last_commit_date": "2023-04-25",
      "Hash": "71c1620f45c7d30cb83f260b0f58fa3d",
      "Requirements": [
        "BiocGenerics",
        "S4Vectors"
      ]
    },
    "KEGGREST": {
      "Package": "KEGGREST",
      "Version": "1.40.0",
      "Source": "Bioconductor",
      "git_url": "https://git.bioconductor.org/packages/KEGGREST",
      "git_branch": "RELEASE_3_17",
      "git_last_commit": "1bdb0b5",
      "git_last_commit_date": "2023-04-25",
      "Hash": "b5a4bf06281c694bc38412812c70b011",
      "Requirements": [
        "Biostrings",
        "httr",
        "png"
      ]
    },
    "MASS": {
      "Package": "MASS",
      "Version": "7.3-58.4",
      "Source": "Repository",
      "Repository": "CRAN",
      "Hash": "a3142b2a022b8174ca675bc8b80cdc4e",
      "Requirements": []
    },
    "Matrix": {
      "Package": "Matrix",
      "Version": "1.5-4",
      "Source": "Repository",
      "Repository": "CRAN",
      "Hash": "e779c7d9f35cc364438578f334cffee2",
      "Requirements": [
        "lattice"
      ]
    },
    "MatrixGenerics": {
      "Package": "MatrixGenerics",
      "Version": "1.12.0",
      "Source": "Bioconductor",
      "git_url": "https://git.bioconductor.org/packages/MatrixGenerics",
      "git_branch": "RELEASE_3_17",
      "git_last_commit": "442fde2",
      "git_last_commit_date": "2023-04-25",
      "Hash": "9f9813ce7b2adab14337f5516e337b65",
      "Requirements": [
        "matrixStats"
      ]
    },
    "R6": {
      "Package": "R6",
      "Version": "2.5.1",
      "Source": "Repository",
      "Repository": "CRAN",
      "Hash": "470851b6d5d0ac559e9d01bb352b4021",
      "Requirements": []
    },
    "RColorBrewer": {
      "Package": "RColorBrewer",
      "Version": "1.1-3",
      "Source": "Repository",
      "Repository": "CRAN",
      "Hash": "45f0398006e83a5b10b72a90663d8d8c",
      "Requirements": []
    },
    "RCurl": {
      "Package": "RCurl",
      "Version": "1.98-1.12",
      "Source": "Repository",
      "Repository": "CRAN",
      "Hash": "1d6ed2d006d483f31c6d5531f3a39923",
      "Requirements": [
        "bitops"
      ]
    },
    "RSQLite": {
      "Package": "RSQLite",
      "Version": "2.3.1",
      "Source": "Repository",
      "Repository": "CRAN",
      "Hash": "207c90cd5438a1f596da2cd54c606fee",
      "Requirements": [
        "DBI",
        "bit64",
        "blob",
        "cpp11",
        "memoise",
        "pkgconfig",
        "plogr"
      ]
    },
    "Rcpp": {
      "Package": "Rcpp",
      "Version": "1.0.10",
      "Source": "Repository",
      "Repository": "CRAN",
      "Hash": "e749cae40fa9ef469b6050959517453c",
      "Requirements": []
    },
    "RcppArmadillo": {
      "Package": "RcppArmadillo",
      "Version": "0.12.2.0.0",
      "Source": "Repository",
      "Repository": "CRAN",
      "Hash": "39aed0e5fbb0b775a1752ad7813fc56c",
      "Requirements": [
        "Rcpp"
      ]
    },
    "Rhdf5lib": {
      "Package": "Rhdf5lib",
      "Version": "1.22.0",
      "Source": "Bioconductor",
      "git_url": "https://git.bioconductor.org/packages/Rhdf5lib",
      "git_branch": "RELEASE_3_17",
      "git_last_commit": "2bf06b3",
      "git_last_commit_date": "2023-04-25",
      "Hash": "e7076cf88b7dbc0bc4ab9804afadf3ae",
      "Requirements": []
    },
    "S4Vectors": {
      "Package": "S4Vectors",
      "Version": "0.38.0",
      "Source": "Bioconductor",
      "git_url": "https://git.bioconductor.org/packages/S4Vectors",
      "git_branch": "RELEASE_3_17",
      "git_last_commit": "e80c24e",
      "git_last_commit_date": "2023-04-25",
      "Hash": "1f10329fa7138d8b358d13d8ee890cfd",
      "Requirements": [
        "BiocGenerics"
      ]
    },
    "ScaledMatrix": {
      "Package": "ScaledMatrix",
      "Version": "1.7.1",
      "Source": "Bioconductor",
      "git_url": "https://git.bioconductor.org/packages/ScaledMatrix",
      "git_branch": "devel",
      "git_last_commit": "6d8d770",
      "git_last_commit_date": "2023-04-14",
      "Hash": "63ca13eb85490544fdfda446141336b5",
      "Requirements": [
        "DelayedArray",
        "Matrix",
        "S4Vectors"
      ]
    },
    "SingleCellExperiment": {
      "Package": "SingleCellExperiment",
      "Version": "1.22.0",
      "Source": "Bioconductor",
      "git_url": "https://git.bioconductor.org/packages/SingleCellExperiment",
      "git_branch": "RELEASE_3_17",
      "git_last_commit": "d477e8e",
      "git_last_commit_date": "2023-04-25",
      "Hash": "47569baf7560bf8e3ba57386e9672f7f",
      "Requirements": [
        "BiocGenerics",
        "DelayedArray",
        "GenomicRanges",
        "S4Vectors",
        "SummarizedExperiment"
      ]
    },
    "SummarizedExperiment": {
      "Package": "SummarizedExperiment",
      "Version": "1.30.0",
      "Source": "Bioconductor",
      "git_url": "https://git.bioconductor.org/packages/SummarizedExperiment",
      "git_branch": "RELEASE_3_17",
      "git_last_commit": "a2843fb",
      "git_last_commit_date": "2023-04-25",
      "Hash": "b92c183ae9c85752973d37b0f67c798f",
      "Requirements": [
        "Biobase",
        "BiocGenerics",
        "DelayedArray",
        "GenomeInfoDb",
        "GenomicRanges",
        "IRanges",
        "Matrix",
        "MatrixGenerics",
        "S4Vectors"
      ]
    },
    "XML": {
      "Package": "XML",
      "Version": "3.99-0.14",
      "Source": "Repository",
      "Repository": "CRAN",
      "Hash": "e5c8af79df616c135b21eaeb1dc6bc5c",
      "Requirements": []
    },
    "XVector": {
      "Package": "XVector",
      "Version": "0.40.0",
      "Source": "Bioconductor",
      "git_url": "https://git.bioconductor.org/packages/XVector",
      "git_branch": "RELEASE_3_17",
      "git_last_commit": "875b4b4",
      "git_last_commit_date": "2023-04-25",
      "Hash": "cc3048ef590a16ff55a5e3149d5e060b",
      "Requirements": [
        "BiocGenerics",
        "IRanges",
        "S4Vectors",
        "zlibbioc"
      ]
    },
    "annotate": {
      "Package": "annotate",
      "Version": "1.78.0",
      "Source": "Bioconductor",
      "git_url": "https://git.bioconductor.org/packages/annotate",
      "git_branch": "RELEASE_3_17",
      "git_last_commit": "ca6415a",
      "git_last_commit_date": "2023-04-25",
      "Hash": "40b2618966a1bdfbcd48ea4b8ac03a39",
      "Requirements": [
        "AnnotationDbi",
        "Biobase",
        "BiocGenerics",
        "DBI",
        "XML",
        "httr",
        "xtable"
      ]
    },
    "askpass": {
      "Package": "askpass",
      "Version": "1.1",
      "Source": "Repository",
      "Repository": "CRAN",
      "Hash": "e8a22846fff485f0be3770c2da758713",
      "Requirements": [
        "sys"
      ]
    },
    "base64enc": {
      "Package": "base64enc",
      "Version": "0.1-3",
      "Source": "Repository",
      "Repository": "CRAN",
      "Hash": "543776ae6848fde2f48ff3816d0628bc",
      "Requirements": []
    },
    "beachmat": {
      "Package": "beachmat",
      "Version": "2.16.0",
      "Source": "Bioconductor",
      "git_url": "https://git.bioconductor.org/packages/beachmat",
      "git_branch": "RELEASE_3_17",
      "git_last_commit": "4cc8e50",
      "git_last_commit_date": "2023-04-25",
      "Hash": "43616288aada4bfe6fd316435445cfb1",
      "Requirements": [
        "BiocGenerics",
        "DelayedArray",
        "Matrix",
        "Rcpp"
      ]
    },
    "bit": {
      "Package": "bit",
      "Version": "4.0.5",
      "Source": "Repository",
      "Repository": "CRAN",
      "Hash": "d242abec29412ce988848d0294b208fd",
      "Requirements": []
    },
    "bit64": {
      "Package": "bit64",
      "Version": "4.0.5",
      "Source": "Repository",
      "Repository": "CRAN",
      "Hash": "9fe98599ca456d6552421db0d6772d8f",
      "Requirements": [
        "bit"
      ]
    },
    "bitops": {
      "Package": "bitops",
      "Version": "1.0-7",
      "Source": "Repository",
      "Repository": "CRAN",
      "Hash": "b7d8d8ee39869c18d8846a184dd8a1af",
      "Requirements": []
    },
    "blob": {
      "Package": "blob",
      "Version": "1.2.4",
      "Source": "Repository",
      "Repository": "CRAN",
      "Hash": "40415719b5a479b87949f3aa0aee737c",
      "Requirements": [
        "rlang",
        "vctrs"
      ]
    },
    "bslib": {
      "Package": "bslib",
      "Version": "0.4.2",
      "Source": "Repository",
      "Repository": "CRAN",
      "Hash": "a7fbf03946ad741129dc81098722fca1",
      "Requirements": [
        "base64enc",
        "cachem",
        "htmltools",
        "jquerylib",
        "jsonlite",
        "memoise",
        "mime",
        "rlang",
        "sass"
      ]
    },
    "cachem": {
      "Package": "cachem",
      "Version": "1.0.7",
      "Source": "Repository",
      "Repository": "CRAN",
      "Hash": "cda74447c42f529de601fe4d4050daef",
      "Requirements": [
        "fastmap",
        "rlang"
      ]
    },
    "cellranger": {
      "Package": "cellranger",
      "Version": "1.1.0",
      "Source": "Repository",
      "Repository": "CRAN",
      "Hash": "f61dbaec772ccd2e17705c1e872e9e7c",
      "Requirements": [
        "rematch",
        "tibble"
      ]
    },
    "circlize": {
      "Package": "circlize",
      "Version": "0.4.15",
      "Source": "Repository",
      "Repository": "CRAN",
      "Hash": "2bb47a2fe6ab009b1dcc5566d8c3a988",
      "Requirements": [
        "GlobalOptions",
        "colorspace",
        "shape"
      ]
    },
    "cli": {
      "Package": "cli",
      "Version": "3.6.1",
      "Source": "Repository",
      "Repository": "CRAN",
      "Hash": "89e6d8219950eac806ae0c489052048a",
      "Requirements": []
    },
    "clipr": {
      "Package": "clipr",
      "Version": "0.8.0",
      "Source": "Repository",
      "Repository": "CRAN",
      "Hash": "3f038e5ac7f41d4ac41ce658c85e3042",
      "Requirements": []
    },
    "clue": {
      "Package": "clue",
      "Version": "0.3-64",
      "Source": "Repository",
      "Repository": "CRAN",
      "Hash": "f013e45eb656a4bb17b39cb24827a51f",
      "Requirements": [
        "cluster"
      ]
    },
    "cluster": {
      "Package": "cluster",
      "Version": "2.1.4",
      "Source": "Repository",
      "Repository": "CRAN",
      "Hash": "5edbbabab6ce0bf7900a74fd4358628e",
      "Requirements": []
    },
    "codetools": {
      "Package": "codetools",
      "Version": "0.2-19",
      "Source": "Repository",
      "Repository": "CRAN",
      "Hash": "c089a619a7fae175d149d89164f8c7d8",
      "Requirements": []
    },
    "colorspace": {
      "Package": "colorspace",
      "Version": "2.1-0",
      "Source": "Repository",
      "Repository": "CRAN",
      "Hash": "f20c47fd52fae58b4e377c37bb8c335b",
      "Requirements": []
    },
    "cowplot": {
      "Package": "cowplot",
      "Version": "1.1.1",
      "Source": "Repository",
      "Repository": "CRAN",
      "Hash": "b418e8423699d11c7f2087c2bfd07da2",
      "Requirements": [
        "ggplot2",
        "gtable",
        "rlang",
        "scales"
      ]
    },
    "cpp11": {
      "Package": "cpp11",
      "Version": "0.4.3",
      "Source": "Repository",
      "Repository": "CRAN",
      "Hash": "ed588261931ee3be2c700d22e94a29ab",
      "Requirements": []
    },
    "crayon": {
      "Package": "crayon",
      "Version": "1.5.2",
      "Source": "Repository",
      "Repository": "CRAN",
      "Hash": "e8a1e41acf02548751f45c718d55aa6a",
      "Requirements": []
    },
    "curl": {
      "Package": "curl",
      "Version": "5.0.0",
      "Source": "Repository",
      "Repository": "CRAN",
      "Hash": "e4f97056611e8e6b8b852d13b7400cf1",
      "Requirements": []
    },
    "data.table": {
      "Package": "data.table",
      "Version": "1.14.8",
      "Source": "Repository",
      "Repository": "CRAN",
      "Hash": "b4c06e554f33344e044ccd7fdca750a9",
      "Requirements": []
    },
    "digest": {
      "Package": "digest",
      "Version": "0.6.31",
      "Source": "Repository",
      "Repository": "CRAN",
      "Hash": "8b708f296afd9ae69f450f9640be8990",
      "Requirements": []
    },
    "doParallel": {
      "Package": "doParallel",
      "Version": "1.0.17",
      "Source": "Repository",
      "Repository": "CRAN",
      "Hash": "451e5edf411987991ab6a5410c45011f",
      "Requirements": [
        "foreach",
        "iterators"
      ]
    },
    "dplyr": {
      "Package": "dplyr",
      "Version": "1.1.2",
      "Source": "Repository",
      "Repository": "CRAN",
      "Hash": "dea6970ff715ca541c387de363ff405e",
      "Requirements": [
        "R6",
        "cli",
        "generics",
        "glue",
        "lifecycle",
        "magrittr",
        "pillar",
        "rlang",
        "tibble",
        "tidyselect",
        "vctrs"
      ]
    },
    "ellipsis": {
      "Package": "ellipsis",
      "Version": "0.3.2",
      "Source": "Repository",
      "Repository": "CRAN",
      "Hash": "bb0eec2fe32e88d9e2836c2f73ea2077",
      "Requirements": [
        "rlang"
      ]
    },
    "evaluate": {
      "Package": "evaluate",
      "Version": "0.20",
      "Source": "Repository",
      "Repository": "CRAN",
      "Hash": "4b68aa51edd89a0e044a66e75ae3cc6c",
      "Requirements": []
    },
    "fansi": {
      "Package": "fansi",
      "Version": "1.0.4",
      "Source": "Repository",
      "Repository": "CRAN",
      "Hash": "1d9e7ad3c8312a192dea7d3db0274fde",
      "Requirements": []
    },
    "farver": {
      "Package": "farver",
      "Version": "2.1.1",
      "Source": "Repository",
      "Repository": "CRAN",
      "Hash": "8106d78941f34855c440ddb946b8f7a5",
      "Requirements": []
    },
    "fastmap": {
      "Package": "fastmap",
      "Version": "1.1.1",
      "Source": "Repository",
      "Repository": "CRAN",
      "Hash": "f7736a18de97dea803bde0a2daaafb27",
      "Requirements": []
    },
    "fastmatch": {
      "Package": "fastmatch",
      "Version": "1.1-3",
      "Source": "Repository",
      "Repository": "CRAN",
      "Hash": "dabc225759a2c2b241e60e42bf0e8e54",
      "Requirements": []
    },
    "fgsea": {
      "Package": "fgsea",
      "Version": "1.26.0",
      "Source": "Bioconductor",
      "git_url": "https://git.bioconductor.org/packages/fgsea",
      "git_branch": "RELEASE_3_17",
      "git_last_commit": "102b439",
      "git_last_commit_date": "2023-04-25",
      "Hash": "62342298a29521147ea0764b22e8121e",
      "Requirements": [
        "BH",
        "BiocParallel",
        "Matrix",
        "Rcpp",
        "cowplot",
        "data.table",
        "fastmatch",
        "ggplot2",
        "scales"
      ]
    },
    "fontawesome": {
      "Package": "fontawesome",
      "Version": "0.5.1",
      "Source": "Repository",
      "Repository": "CRAN",
      "Hash": "1e22b8cabbad1eae951a75e9f8b52378",
      "Requirements": [
        "htmltools",
        "rlang"
      ]
    },
    "foreach": {
      "Package": "foreach",
      "Version": "1.5.2",
      "Source": "Repository",
      "Repository": "CRAN",
      "Hash": "618609b42c9406731ead03adf5379850",
      "Requirements": [
        "codetools",
        "iterators"
      ]
    },
    "formatR": {
      "Package": "formatR",
      "Version": "1.14",
      "Source": "Repository",
      "Repository": "CRAN",
      "Hash": "63cb26d12517c7863f5abb006c5e0f25",
      "Requirements": []
    },
    "fs": {
      "Package": "fs",
      "Version": "1.6.2",
      "Source": "Repository",
      "Repository": "CRAN",
      "Hash": "94af08e0aa9675a16fadbb3aaaa90d2a",
      "Requirements": []
    },
    "futile.logger": {
      "Package": "futile.logger",
      "Version": "1.4.3",
      "Source": "Repository",
      "Repository": "CRAN",
      "Hash": "99f0ace8c05ec7d3683d27083c4f1e7e",
      "Requirements": [
        "futile.options",
        "lambda.r"
      ]
    },
    "futile.options": {
      "Package": "futile.options",
      "Version": "1.0.1",
      "Source": "Repository",
      "Repository": "CRAN",
      "Hash": "0d9bf02413ddc2bbe8da9ce369dcdd2b",
      "Requirements": []
    },
    "gage": {
      "Package": "gage",
      "Version": "2.50.0",
      "Source": "Bioconductor",
      "git_url": "https://git.bioconductor.org/packages/gage",
      "git_branch": "RELEASE_3_17",
      "git_last_commit": "a6d1e96",
      "git_last_commit_date": "2023-04-25",
      "Hash": "a4a51fa0b0b4faf309aea9ada9e1229f",
      "Requirements": [
        "AnnotationDbi",
        "GO.db",
        "KEGGREST",
        "graph"
      ]
    },
    "generics": {
      "Package": "generics",
      "Version": "0.1.3",
      "Source": "Repository",
      "Repository": "CRAN",
      "Hash": "15e9634c0fcd294799e9b2e929ed1b86",
      "Requirements": []
    },
    "ggplot2": {
      "Package": "ggplot2",
      "Version": "3.4.2",
      "Source": "Repository",
      "Repository": "CRAN",
      "Hash": "3a147ee02e85a8941aad9909f1b43b7b",
      "Requirements": [
        "MASS",
        "cli",
        "glue",
        "gtable",
        "isoband",
        "lifecycle",
        "mgcv",
        "rlang",
        "scales",
        "tibble",
        "vctrs",
        "withr"
      ]
    },
    "ggrepel": {
      "Package": "ggrepel",
      "Version": "0.9.3",
      "Source": "Repository",
      "Repository": "CRAN",
      "Hash": "92edfac53774706b4d6099f3ee6f6306",
      "Requirements": [
        "Rcpp",
        "ggplot2",
        "rlang",
        "scales",
        "withr"
      ]
    },
    "glue": {
      "Package": "glue",
      "Version": "1.6.2",
      "Source": "Repository",
      "Repository": "CRAN",
      "Hash": "4f2596dfb05dac67b9dc558e5c6fba2e",
      "Requirements": []
    },
    "graph": {
      "Package": "graph",
      "Version": "1.78.0",
      "Source": "Bioconductor",
      "git_url": "https://git.bioconductor.org/packages/graph",
      "git_branch": "RELEASE_3_17",
      "git_last_commit": "9df68e8",
      "git_last_commit_date": "2023-04-25",
      "Hash": "1cf0ccf889cb4325011e1ad92e222ab1",
      "Requirements": [
        "BiocGenerics"
      ]
    },
    "gtable": {
      "Package": "gtable",
      "Version": "0.3.3",
      "Source": "Repository",
      "Repository": "CRAN",
      "Hash": "b44addadb528a0d227794121c00572a0",
      "Requirements": [
        "cli",
        "glue",
        "lifecycle",
        "rlang"
      ]
    },
    "highr": {
      "Package": "highr",
      "Version": "0.10",
      "Source": "Repository",
      "Repository": "CRAN",
      "Hash": "06230136b2d2b9ba5805e1963fa6e890",
      "Requirements": [
        "xfun"
      ]
    },
    "hms": {
      "Package": "hms",
      "Version": "1.1.3",
      "Source": "Repository",
      "Repository": "CRAN",
      "Hash": "b59377caa7ed00fa41808342002138f9",
      "Requirements": [
        "lifecycle",
        "pkgconfig",
        "rlang",
        "vctrs"
      ]
    },
    "htmltools": {
      "Package": "htmltools",
      "Version": "0.5.5",
      "Source": "Repository",
      "Repository": "CRAN",
      "Hash": "ba0240784ad50a62165058a27459304a",
      "Requirements": [
        "base64enc",
        "digest",
        "ellipsis",
        "fastmap",
        "rlang"
      ]
    },
    "httr": {
      "Package": "httr",
      "Version": "1.4.5",
      "Source": "Repository",
      "Repository": "CRAN",
      "Hash": "f6844033201269bec3ca0097bc6c97b3",
      "Requirements": [
        "R6",
        "curl",
        "jsonlite",
        "mime",
        "openssl"
      ]
    },
    "irlba": {
      "Package": "irlba",
      "Version": "2.3.5.1",
      "Source": "Repository",
      "Repository": "CRAN",
      "Hash": "acb06a47b732c6251afd16e19c3201ff",
      "Requirements": [
        "Matrix"
      ]
    },
    "isoband": {
      "Package": "isoband",
      "Version": "0.2.7",
      "Source": "Repository",
      "Repository": "CRAN",
      "Hash": "0080607b4a1a7b28979aecef976d8bc2",
      "Requirements": []
    },
    "iterators": {
      "Package": "iterators",
      "Version": "1.0.14",
      "Source": "Repository",
      "Repository": "CRAN",
      "Hash": "8954069286b4b2b0d023d1b288dce978",
      "Requirements": []
    },
    "jquerylib": {
      "Package": "jquerylib",
      "Version": "0.1.4",
      "Source": "Repository",
      "Repository": "CRAN",
      "Hash": "5aab57a3bd297eee1c1d862735972182",
      "Requirements": [
        "htmltools"
      ]
    },
    "jsonlite": {
      "Package": "jsonlite",
      "Version": "1.8.4",
      "Source": "Repository",
      "Repository": "CRAN",
      "Hash": "a4269a09a9b865579b2635c77e572374",
      "Requirements": []
    },
    "knitr": {
      "Package": "knitr",
      "Version": "1.42",
      "Source": "Repository",
      "Repository": "CRAN",
      "Hash": "8329a9bcc82943c8069104d4be3ee22d",
      "Requirements": [
        "evaluate",
        "highr",
        "xfun",
        "yaml"
      ]
    },
    "labeling": {
      "Package": "labeling",
      "Version": "0.4.2",
      "Source": "Repository",
      "Repository": "CRAN",
      "Hash": "3d5108641f47470611a32d0bdf357a72",
      "Requirements": []
    },
    "lambda.r": {
      "Package": "lambda.r",
      "Version": "1.2.4",
      "Source": "Repository",
      "Repository": "CRAN",
      "Hash": "b1e925c4b9ffeb901bacf812cbe9a6ad",
      "Requirements": [
        "formatR"
      ]
    },
    "later": {
      "Package": "later",
      "Version": "1.3.0",
      "Source": "Repository",
      "Repository": "CRAN",
      "Hash": "7e7b457d7766bc47f2a5f21cc2984f8e",
      "Requirements": [
        "Rcpp",
        "rlang"
      ]
    },
    "lattice": {
      "Package": "lattice",
      "Version": "0.21-8",
      "Source": "Repository",
      "Repository": "CRAN",
      "Hash": "0b8a6d63c8770f02a8b5635f3c431e6b",
      "Requirements": []
    },
    "lifecycle": {
      "Package": "lifecycle",
      "Version": "1.0.3",
      "Source": "Repository",
      "Repository": "CRAN",
      "Hash": "001cecbeac1cff9301bdc3775ee46a86",
      "Requirements": [
        "cli",
        "glue",
        "rlang"
      ]
    },
    "limma": {
      "Package": "limma",
      "Version": "3.56.0",
      "Source": "Bioconductor",
      "git_url": "https://git.bioconductor.org/packages/limma",
      "git_branch": "RELEASE_3_17",
      "git_last_commit": "efe8578",
      "git_last_commit_date": "2023-04-25",
      "Hash": "55fcaf30936a01c995bec8a59276bf3f",
      "Requirements": []
    },
    "locfit": {
      "Package": "locfit",
      "Version": "1.5-9.7",
      "Source": "Repository",
      "Repository": "CRAN",
      "Hash": "08c4156abea85c9b6d4e7798427a887d",
      "Requirements": [
        "lattice"
      ]
    },
    "magrittr": {
      "Package": "magrittr",
      "Version": "2.0.3",
      "Source": "Repository",
      "Repository": "CRAN",
      "Hash": "7ce2733a9826b3aeb1775d56fd305472",
      "Requirements": []
    },
    "matrixStats": {
      "Package": "matrixStats",
      "Version": "0.63.0",
      "Source": "Repository",
      "Repository": "CRAN",
      "Hash": "57af0c3da1f1a50680b186591c3359af",
      "Requirements": []
    },
    "memoise": {
      "Package": "memoise",
      "Version": "2.0.1",
      "Source": "Repository",
      "Repository": "CRAN",
      "Hash": "e2817ccf4a065c5d9d7f2cfbe7c1d78c",
      "Requirements": [
        "cachem",
        "rlang"
      ]
    },
    "mgcv": {
      "Package": "mgcv",
      "Version": "1.8-42",
      "Source": "Repository",
      "Repository": "CRAN",
      "Hash": "3460beba7ccc8946249ba35327ba902a",
      "Requirements": [
        "Matrix",
        "nlme"
      ]
    },
    "mime": {
      "Package": "mime",
      "Version": "0.12",
      "Source": "Repository",
      "Repository": "CRAN",
      "Hash": "18e9c28c1d3ca1560ce30658b22ce104",
      "Requirements": []
    },
    "munsell": {
      "Package": "munsell",
      "Version": "0.5.0",
      "Source": "Repository",
      "Repository": "CRAN",
      "Hash": "6dfe8bf774944bd5595785e3229d8771",
      "Requirements": [
        "colorspace"
      ]
    },
    "nlme": {
      "Package": "nlme",
      "Version": "3.1-162",
      "Source": "Repository",
      "Repository": "CRAN",
      "Hash": "0984ce8da8da9ead8643c5cbbb60f83e",
      "Requirements": [
        "lattice"
      ]
    },
    "openssl": {
      "Package": "openssl",
      "Version": "2.0.6",
      "Source": "Repository",
      "Repository": "CRAN",
      "Hash": "0f7cd2962e3044bb940cca4f4b5cecbe",
      "Requirements": [
        "askpass"
      ]
    },
    "org.Mm.eg.db": {
      "Package": "org.Mm.eg.db",
      "Version": "3.17.0",
      "Source": "Bioconductor",
      "Hash": "a78df53519d3e976b4269414bddc2513",
      "Requirements": [
        "AnnotationDbi"
      ]
    },
    "packrat": {
      "Package": "packrat",
      "Version": "0.9.1",
      "Source": "Repository",
      "Repository": "CRAN",
      "Hash": "481428983c19a7c443f7ea1beff0a2de",
      "Requirements": []
    },
    "pheatmap": {
      "Package": "pheatmap",
      "Version": "1.0.12",
      "Source": "Repository",
      "Repository": "CRAN",
      "Hash": "db1fb0021811b6693741325bbe916e58",
      "Requirements": [
        "RColorBrewer",
        "gtable",
        "scales"
      ]
    },
    "pillar": {
      "Package": "pillar",
      "Version": "1.9.0",
      "Source": "Repository",
      "Repository": "CRAN",
      "Hash": "15da5a8412f317beeee6175fbc76f4bb",
      "Requirements": [
        "cli",
        "fansi",
        "glue",
        "lifecycle",
        "rlang",
        "utf8",
        "vctrs"
      ]
    },
    "pkgconfig": {
      "Package": "pkgconfig",
      "Version": "2.0.3",
      "Source": "Repository",
      "Repository": "CRAN",
      "Hash": "01f28d4278f15c76cddbea05899c5d6f",
      "Requirements": []
    },
    "plogr": {
      "Package": "plogr",
      "Version": "0.2.0",
      "Source": "Repository",
      "Repository": "CRAN",
      "Hash": "09eb987710984fc2905c7129c7d85e65",
      "Requirements": []
    },
    "png": {
      "Package": "png",
      "Version": "0.1-8",
      "Source": "Repository",
      "Repository": "CRAN",
      "Hash": "bd54ba8a0a5faded999a7aab6e46b374",
      "Requirements": []
    },
    "prettyunits": {
      "Package": "prettyunits",
      "Version": "1.1.1",
      "Source": "Repository",
      "Repository": "CRAN",
      "Hash": "95ef9167b75dde9d2ccc3c7528393e7e",
      "Requirements": []
    },
    "printr": {
      "Package": "printr",
      "Version": "0.3",
      "Source": "Repository",
      "Repository": "CRAN",
      "Hash": "03e0d4cc8152eed9515f517a8153c085",
      "Requirements": [
        "knitr"
      ]
    },
    "processx": {
      "Package": "processx",
      "Version": "3.8.1",
      "Source": "Repository",
      "Repository": "CRAN",
      "Hash": "d75b4059d781336efba24021915902b4",
      "Requirements": [
        "R6",
        "ps"
      ]
    },
    "progress": {
      "Package": "progress",
      "Version": "1.2.2",
      "Source": "Repository",
      "Repository": "CRAN",
      "Hash": "14dc9f7a3c91ebb14ec5bb9208a07061",
      "Requirements": [
        "R6",
        "crayon",
        "hms",
        "prettyunits"
      ]
    },
    "ps": {
      "Package": "ps",
      "Version": "1.7.5",
      "Source": "Repository",
      "Repository": "CRAN",
      "Hash": "709d852d33178db54b17c722e5b1e594",
      "Requirements": []
    },
    "purrr": {
      "Package": "purrr",
      "Version": "1.0.1",
      "Source": "Repository",
      "Repository": "CRAN",
      "Hash": "d71c815267c640f17ddbf7f16144b4bb",
      "Requirements": [
        "cli",
        "lifecycle",
        "magrittr",
        "rlang",
        "vctrs"
      ]
    },
    "quarto": {
      "Package": "quarto",
      "Version": "1.2",
      "Source": "Repository",
      "Repository": "CRAN",
      "Hash": "298a252816cabed120391c955aced484",
      "Requirements": [
        "jsonlite",
        "later",
        "processx",
        "rmarkdown",
        "rsconnect",
        "rstudioapi",
        "yaml"
      ]
    },
    "rappdirs": {
      "Package": "rappdirs",
      "Version": "0.3.3",
      "Source": "Repository",
      "Repository": "CRAN",
      "Hash": "5e3c5dc0b071b21fa128676560dbe94d",
      "Requirements": []
    },
    "readr": {
      "Package": "readr",
      "Version": "2.1.4",
      "Source": "Repository",
      "Repository": "CRAN",
      "Hash": "b5047343b3825f37ad9d3b5d89aa1078",
      "Requirements": [
        "R6",
        "cli",
        "clipr",
        "cpp11",
        "crayon",
        "hms",
        "lifecycle",
        "rlang",
        "tibble",
        "tzdb",
        "vroom"
      ]
    },
    "readxl": {
      "Package": "readxl",
      "Version": "1.4.2",
      "Source": "Repository",
      "Repository": "CRAN",
      "Hash": "2e6020b1399d95f947ed867045e9ca17",
      "Requirements": [
        "cellranger",
        "cpp11",
        "progress",
        "tibble"
      ]
    },
    "rematch": {
      "Package": "rematch",
      "Version": "1.0.1",
      "Source": "Repository",
      "Repository": "CRAN",
      "Hash": "c66b930d20bb6d858cd18e1cebcfae5c",
      "Requirements": []
    },
    "renv": {
      "Package": "renv",
      "Version": "0.15.4",
      "Source": "Repository",
      "Repository": "CRAN",
      "Hash": "c1078316e1d4f70275fc1ea60c0bc431",
      "Requirements": []
    },
    "rhdf5": {
      "Package": "rhdf5",
      "Version": "2.44.0",
      "Source": "Bioconductor",
      "git_url": "https://git.bioconductor.org/packages/rhdf5",
      "git_branch": "RELEASE_3_17",
      "git_last_commit": "0f6e367",
      "git_last_commit_date": "2023-04-25",
      "Hash": "648431262f9c6111de7c0fca0353a2cf",
      "Requirements": [
        "Rhdf5lib",
        "rhdf5filters"
      ]
    },
    "rhdf5filters": {
      "Package": "rhdf5filters",
      "Version": "1.12.0",
      "Source": "Bioconductor",
      "git_url": "https://git.bioconductor.org/packages/rhdf5filters",
      "git_branch": "RELEASE_3_17",
      "git_last_commit": "4deabde",
      "git_last_commit_date": "2023-04-25",
      "Hash": "069c14b262aa9e45170af1ee6e16bf7e",
      "Requirements": [
        "Rhdf5lib"
      ]
    },
    "rjson": {
      "Package": "rjson",
      "Version": "0.2.21",
      "Source": "Repository",
      "Repository": "CRAN",
      "Hash": "f9da75e6444e95a1baf8ca24909d63b9",
      "Requirements": []
    },
    "rlang": {
      "Package": "rlang",
      "Version": "1.1.0",
      "Source": "Repository",
      "Repository": "CRAN",
      "Hash": "dc079ccd156cde8647360f473c1fa718",
      "Requirements": []
    },
    "rmarkdown": {
      "Package": "rmarkdown",
      "Version": "2.21",
      "Source": "Repository",
      "Repository": "CRAN",
      "Hash": "493df4ae51e2e984952ea4d5c75786a3",
      "Requirements": [
        "bslib",
        "evaluate",
        "fontawesome",
        "htmltools",
        "jquerylib",
        "jsonlite",
        "knitr",
        "stringr",
        "tinytex",
        "xfun",
        "yaml"
      ]
    },
    "rsconnect": {
      "Package": "rsconnect",
      "Version": "0.8.29",
      "Source": "Repository",
      "Repository": "CRAN",
      "Hash": "fe178fc15af80952f546aafedf655b36",
      "Requirements": [
        "curl",
        "digest",
        "jsonlite",
        "openssl",
        "packrat",
        "rstudioapi",
        "yaml"
      ]
    },
    "rstudioapi": {
      "Package": "rstudioapi",
      "Version": "0.14",
      "Source": "Repository",
      "Repository": "CRAN",
      "Hash": "690bd2acc42a9166ce34845884459320",
      "Requirements": []
    },
    "rsvd": {
      "Package": "rsvd",
      "Version": "1.0.5",
      "Source": "Repository",
      "Repository": "CRAN",
      "Hash": "b462187d887abc519894874486dbd6fd",
      "Requirements": [
        "Matrix"
      ]
    },
    "sass": {
      "Package": "sass",
      "Version": "0.4.5",
      "Source": "Repository",
      "Repository": "CRAN",
      "Hash": "2bb4371a4c80115518261866eab6ab11",
      "Requirements": [
        "R6",
        "fs",
        "htmltools",
        "rappdirs",
        "rlang"
      ]
    },
    "scales": {
      "Package": "scales",
      "Version": "1.2.1",
      "Source": "Repository",
      "Repository": "CRAN",
      "Hash": "906cb23d2f1c5680b8ce439b44c6fa63",
      "Requirements": [
        "R6",
        "RColorBrewer",
        "farver",
        "labeling",
        "lifecycle",
        "munsell",
        "rlang",
        "viridisLite"
      ]
    },
    "shape": {
      "Package": "shape",
      "Version": "1.4.6",
      "Source": "Repository",
      "Repository": "CRAN",
      "Hash": "9067f962730f58b14d8ae54ca885509f",
      "Requirements": []
    },
    "snow": {
      "Package": "snow",
      "Version": "0.4-4",
      "Source": "Repository",
      "Repository": "CRAN",
      "Hash": "40b74690debd20c57d93d8c246b305d4",
      "Requirements": []
    },
    "sparseMatrixStats": {
      "Package": "sparseMatrixStats",
      "Version": "1.12.0",
      "Source": "Bioconductor",
      "git_url": "https://git.bioconductor.org/packages/sparseMatrixStats",
      "git_branch": "RELEASE_3_17",
      "git_last_commit": "054bf93",
      "git_last_commit_date": "2023-04-25",
      "Hash": "b5ba36f856ba96014c43a2dcf3b75dc1",
      "Requirements": [
        "Matrix",
        "MatrixGenerics",
        "Rcpp",
        "matrixStats"
      ]
    },
    "stringi": {
      "Package": "stringi",
      "Version": "1.7.12",
      "Source": "Repository",
      "Repository": "CRAN",
      "Hash": "ca8bd84263c77310739d2cf64d84d7c9",
      "Requirements": []
    },
    "stringr": {
      "Package": "stringr",
      "Version": "1.5.0",
      "Source": "Repository",
      "Repository": "CRAN",
      "Hash": "671a4d384ae9d32fc47a14e98bfa3dc8",
      "Requirements": [
        "cli",
        "glue",
        "lifecycle",
        "magrittr",
        "rlang",
        "stringi",
        "vctrs"
      ]
    },
    "sys": {
      "Package": "sys",
      "Version": "3.4.1",
      "Source": "Repository",
      "Repository": "CRAN",
      "Hash": "34c16f1ef796057bfa06d3f4ff818a5d",
      "Requirements": []
    },
    "tibble": {
      "Package": "tibble",
      "Version": "3.2.1",
      "Source": "Repository",
      "Repository": "CRAN",
      "Hash": "a84e2cc86d07289b3b6f5069df7a004c",
      "Requirements": [
        "fansi",
        "lifecycle",
        "magrittr",
        "pillar",
        "pkgconfig",
        "rlang",
        "vctrs"
      ]
    },
    "tidyselect": {
      "Package": "tidyselect",
      "Version": "1.2.0",
      "Source": "Repository",
      "Repository": "CRAN",
      "Hash": "79540e5fcd9e0435af547d885f184fd5",
      "Requirements": [
        "cli",
        "glue",
        "lifecycle",
        "rlang",
        "vctrs",
        "withr"
      ]
    },
    "tinytex": {
      "Package": "tinytex",
      "Version": "0.45",
      "Source": "Repository",
      "Repository": "CRAN",
      "Hash": "e4e357f28c2edff493936b6cb30c3d65",
      "Requirements": [
        "xfun"
      ]
    },
    "tzdb": {
      "Package": "tzdb",
      "Version": "0.3.0",
      "Source": "Repository",
      "Repository": "CRAN",
      "Hash": "b2e1cbce7c903eaf23ec05c58e59fb5e",
      "Requirements": [
        "cpp11"
      ]
    },
    "utf8": {
      "Package": "utf8",
      "Version": "1.2.3",
      "Source": "Repository",
      "Repository": "CRAN",
      "Hash": "1fe17157424bb09c48a8b3b550c753bc",
      "Requirements": []
    },
    "vctrs": {
      "Package": "vctrs",
      "Version": "0.6.2",
      "Source": "Repository",
      "Repository": "CRAN",
      "Hash": "a745bda7aff4734c17294bb41d4e4607",
      "Requirements": [
        "cli",
        "glue",
        "lifecycle",
        "rlang"
      ]
    },
    "viridisLite": {
      "Package": "viridisLite",
      "Version": "0.4.1",
      "Source": "Repository",
      "Repository": "CRAN",
      "Hash": "62f4b5da3e08d8e5bcba6cac15603f70",
      "Requirements": []
    },
    "vroom": {
      "Package": "vroom",
      "Version": "1.6.1",
      "Source": "Repository",
      "Repository": "CRAN",
      "Hash": "7015a74373b83ffaef64023f4a0f5033",
      "Requirements": [
        "bit64",
        "cli",
        "cpp11",
        "crayon",
        "glue",
        "hms",
        "lifecycle",
        "progress",
        "rlang",
        "tibble",
        "tidyselect",
        "tzdb",
        "vctrs",
        "withr"
      ]
    },
    "withr": {
      "Package": "withr",
      "Version": "2.5.0",
      "Source": "Repository",
      "Repository": "CRAN",
      "Hash": "c0e49a9760983e81e55cdd9be92e7182",
      "Requirements": []
    },
    "xfun": {
      "Package": "xfun",
      "Version": "0.39",
      "Source": "Repository",
      "Repository": "CRAN",
      "Hash": "8f56e9acb54fb525e66464d57ab58bcb",
      "Requirements": []
    },
    "xtable": {
      "Package": "xtable",
      "Version": "1.8-4",
      "Source": "Repository",
      "Repository": "CRAN",
      "Hash": "b8acdf8af494d9ec19ccb2481a9b11c2",
      "Requirements": []
    },
    "yaml": {
      "Package": "yaml",
      "Version": "2.3.7",
      "Source": "Repository",
      "Repository": "CRAN",
      "Hash": "0d0056cc5383fbc240ccd0cb584bf436",
      "Requirements": []
    },
    "zlibbioc": {
      "Package": "zlibbioc",
      "Version": "1.46.0",
      "Source": "Bioconductor",
      "git_url": "https://git.bioconductor.org/packages/zlibbioc",
      "git_branch": "RELEASE_3_17",
      "git_last_commit": "f475457",
      "git_last_commit_date": "2023-04-25",
      "Hash": "20158ef5adb641f0b4e8d63136f0e870",
      "Requirements": []
    }
  }
}
